
Microsoft Visual Studio Solution File, Format Version 12.00
# Visual Studio Version 17
VisualStudioVersion = 17.10.35122.118
MinimumVisualStudioVersion = 10.0.40219.1
Project("{FAE04EC0-301F-11D3-BF4B-00C04F79EFBC}") = "asp.net _core", "CRUD\asp.net _core.csproj", "{6001DE72-34EB-45E4-A5D9-0F8C1F008491}"
EndProject
Global
	GlobalSection(SolutionConfigurationPlatforms) = preSolution
		Debug|Any CPU = Debug|Any CPU
		Release|Any CPU = Release|Any CPU
	EndGlobalSection
	GlobalSection(ProjectConfigurationPlatforms) = postSolution
		{6001DE72-34EB-45E4-A5D9-0F8C1F008491}.Debug|Any CPU.ActiveCfg = Debug|Any CPU
		{6001DE72-34EB-45E4-A5D9-0F8C1F008491}.Debug|Any CPU.Build.0 = Debug|Any CPU
		{6001DE72-34EB-45E4-A5D9-0F8C1F008491}.Release|Any CPU.ActiveCfg = Release|Any CPU
		{6001DE72-34EB-45E4-A5D9-0F8C1F008491}.Release|Any CPU.Build.0 = Release|Any CPU
	EndGlobalSection
	GlobalSection(SolutionProperties) = preSolution
		HideSolutionNode = FALSE
	EndGlobalSection
	GlobalSection(ExtensibilityGlobals) = postSolution
		SolutionGuid = {50218AAE-3337-4471-BCBB-6643CF990DDC}
	EndGlobalSection
EndGlobal
